// !$*UTF8*$!
{
	archiveVersion = 1;
	classes = {
	};
	objectVersion = 50;
	objects = {

/* Begin PBXBuildFile section */
		3E9D505F24BF471300C592F6 /* AppDelegate.swift in Sources */ = {isa = PBXBuildFile; fileRef = 3E9D505E24BF471300C592F6 /* AppDelegate.swift */; };
		3E9D506124BF471300C592F6 /* SceneDelegate.swift in Sources */ = {isa = PBXBuildFile; fileRef = 3E9D506024BF471300C592F6 /* SceneDelegate.swift */; };
		3E9D506324BF471300C592F6 /* ItemFeedController.swift in Sources */ = {isa = PBXBuildFile; fileRef = 3E9D506224BF471300C592F6 /* ItemFeedController.swift */; };
		3E9D506624BF471300C592F6 /* Main.storyboard in Resources */ = {isa = PBXBuildFile; fileRef = 3E9D506424BF471300C592F6 /* Main.storyboard */; };
		3E9D506824BF471700C592F6 /* Assets.xcassets in Resources */ = {isa = PBXBuildFile; fileRef = 3E9D506724BF471700C592F6 /* Assets.xcassets */; };
		3E9D506B24BF471700C592F6 /* LaunchScreen.storyboard in Resources */ = {isa = PBXBuildFile; fileRef = 3E9D506924BF471700C592F6 /* LaunchScreen.storyboard */; };
		3E9D507324BF476C00C592F6 /* Catergory.swift in Sources */ = {isa = PBXBuildFile; fileRef = 3E9D507224BF476C00C592F6 /* Catergory.swift */; };
		3E9D507524BF488000C592F6 /* Item.swift in Sources */ = {isa = PBXBuildFile; fileRef = 3E9D507424BF488000C592F6 /* Item.swift */; };
		3E9D507724BF4B0800C592F6 /* DataSource.swift in Sources */ = {isa = PBXBuildFile; fileRef = 3E9D507624BF4B0800C592F6 /* DataSource.swift */; };
		3E9D507924BFEFC500C592F6 /* AddItemController.swift in Sources */ = {isa = PBXBuildFile; fileRef = 3E9D507824BFEFC500C592F6 /* AddItemController.swift */; };
/* End PBXBuildFile section */

/* Begin PBXFileReference section */
		3E9D505B24BF471300C592F6 /* ShoppingList.app */ = {isa = PBXFileReference; explicitFileType = wrapper.application; includeInIndex = 0; path = ShoppingList.app; sourceTree = BUILT_PRODUCTS_DIR; };
		3E9D505E24BF471300C592F6 /* AppDelegate.swift */ = {isa = PBXFileReference; lastKnownFileType = sourcecode.swift; path = AppDelegate.swift; sourceTree = "<group>"; };
		3E9D506024BF471300C592F6 /* SceneDelegate.swift */ = {isa = PBXFileReference; lastKnownFileType = sourcecode.swift; path = SceneDelegate.swift; sourceTree = "<group>"; };
		3E9D506224BF471300C592F6 /* ItemFeedController.swift */ = {isa = PBXFileReference; lastKnownFileType = sourcecode.swift; path = ItemFeedController.swift; sourceTree = "<group>"; };
		3E9D506524BF471300C592F6 /* Base */ = {isa = PBXFileReference; lastKnownFileType = file.storyboard; name = Base; path = Base.lproj/Main.storyboard; sourceTree = "<group>"; };
		3E9D506724BF471700C592F6 /* Assets.xcassets */ = {isa = PBXFileReference; lastKnownFileType = folder.assetcatalog; path = Assets.xcassets; sourceTree = "<group>"; };
		3E9D506A24BF471700C592F6 /* Base */ = {isa = PBXFileReference; lastKnownFileType = file.storyboard; name = Base; path = Base.lproj/LaunchScreen.storyboard; sourceTree = "<group>"; };
		3E9D506C24BF471700C592F6 /* Info.plist */ = {isa = PBXFileReference; lastKnownFileType = text.plist.xml; path = Info.plist; sourceTree = "<group>"; };
		3E9D507224BF476C00C592F6 /* Catergory.swift */ = {isa = PBXFileReference; lastKnownFileType = sourcecode.swift; path = Catergory.swift; sourceTree = "<group>"; };
		3E9D507424BF488000C592F6 /* Item.swift */ = {isa = PBXFileReference; lastKnownFileType = sourcecode.swift; path = Item.swift; sourceTree = "<group>"; };
		3E9D507624BF4B0800C592F6 /* DataSource.swift */ = {isa = PBXFileReference; lastKnownFileType = sourcecode.swift; path = DataSource.swift; sourceTree = "<group>"; };
		3E9D507824BFEFC500C592F6 /* AddItemController.swift */ = {isa = PBXFileReference; lastKnownFileType = sourcecode.swift; path = AddItemController.swift; sourceTree = "<group>"; };
/* End PBXFileReference section */

/* Begin PBXFrameworksBuildPhase section */
		3E9D505824BF471300C592F6 /* Frameworks */ = {
			isa = PBXFrameworksBuildPhase;
			buildActionMask = 2147483647;
			files = (
			);
			runOnlyForDeploymentPostprocessing = 0;
		};
/* End PBXFrameworksBuildPhase section */

/* Begin PBXGroup section */
		3E9D505224BF471300C592F6 = {
			isa = PBXGroup;
			children = (
				3E9D505D24BF471300C592F6 /* ShoppingList */,
				3E9D505C24BF471300C592F6 /* Products */,
			);
			sourceTree = "<group>";
		};
		3E9D505C24BF471300C592F6 /* Products */ = {
			isa = PBXGroup;
			children = (
				3E9D505B24BF471300C592F6 /* ShoppingList.app */,
			);
			name = Products;
			sourceTree = "<group>";
		};
		3E9D505D24BF471300C592F6 /* ShoppingList */ = {
			isa = PBXGroup;
			children = (
				3E9D505E24BF471300C592F6 /* AppDelegate.swift */,
				3E9D506024BF471300C592F6 /* SceneDelegate.swift */,
				3E9D506224BF471300C592F6 /* ItemFeedController.swift */,
				3E9D507824BFEFC500C592F6 /* AddItemController.swift */,
				3E9D507424BF488000C592F6 /* Item.swift */,
				3E9D507224BF476C00C592F6 /* Catergory.swift */,
				3E9D507624BF4B0800C592F6 /* DataSource.swift */,
				3E9D506424BF471300C592F6 /* Main.storyboard */,
				3E9D506724BF471700C592F6 /* Assets.xcassets */,
				3E9D506924BF471700C592F6 /* LaunchScreen.storyboard */,
				3E9D506C24BF471700C592F6 /* Info.plist */,
			);
			path = ShoppingList;
			sourceTree = "<group>";
		};
/* End PBXGroup section */

/* Begin PBXNativeTarget section */
		3E9D505A24BF471300C592F6 /* ShoppingList */ = {
			isa = PBXNativeTarget;
			buildConfigurationList = 3E9D506F24BF471700C592F6 /* Build configuration list for PBXNativeTarget "ShoppingList" */;
			buildPhases = (
				3E9D505724BF471300C592F6 /* Sources */,
				3E9D505824BF471300C592F6 /* Frameworks */,
				3E9D505924BF471300C592F6 /* Resources */,
			);
			buildRules = (
			);
			dependencies = (
			);
			name = ShoppingList;
			productName = ShoppingList;
			productReference = 3E9D505B24BF471300C592F6 /* ShoppingList.app */;
			productType = "com.apple.product-type.application";
		};
/* End PBXNativeTarget section */

/* Begin PBXProject section */
		3E9D505324BF471300C592F6 /* Project object */ = {
			isa = PBXProject;
			attributes = {
				LastSwiftUpdateCheck = 1130;
				LastUpgradeCheck = 1130;
				ORGANIZATIONNAME = "Tiffany Obi";
				TargetAttributes = {
					3E9D505A24BF471300C592F6 = {
						CreatedOnToolsVersion = 11.3;
					};
				};
			};
			buildConfigurationList = 3E9D505624BF471300C592F6 /* Build configuration list for PBXProject "ShoppingList" */;
			compatibilityVersion = "Xcode 9.3";
			developmentRegion = en;
			hasScannedForEncodings = 0;
			knownRegions = (
				en,
				Base,
			);
			mainGroup = 3E9D505224BF471300C592F6;
			productRefGroup = 3E9D505C24BF471300C592F6 /* Products */;
			projectDirPath = "";
			projectRoot = "";
			targets = (
				3E9D505A24BF471300C592F6 /* ShoppingList */,
			);
		};
/* End PBXProject section */

/* Begin PBXResourcesBuildPhase section */
		3E9D505924BF471300C592F6 /* Resources */ = {
			isa = PBXResourcesBuildPhase;
			buildActionMask = 2147483647;
			files = (
				3E9D506B24BF471700C592F6 /* LaunchScreen.storyboard in Resources */,
				3E9D506824BF471700C592F6 /* Assets.xcassets in Resources */,
				3E9D506624BF471300C592F6 /* Main.storyboard in Resources */,
			);
			runOnlyForDeploymentPostprocessing = 0;
		};
/* End PBXResourcesBuildPhase section */

/* Begin PBXSourcesBuildPhase section */
		3E9D505724BF471300C592F6 /* Sources */ = {
			isa = PBXSourcesBuildPhase;
			buildActionMask = 2147483647;
			files = (
				3E9D507924BFEFC500C592F6 /* AddItemController.swift in Sources */,
				3E9D507724BF4B0800C592F6 /* DataSource.swift in Sources */,
				3E9D507524BF488000C592F6 /* Item.swift in Sources */,
				3E9D506324BF471300C592F6 /* ItemFeedController.swift in Sources */,
				3E9D505F24BF471300C592F6 /* AppDelegate.swift in Sources */,
				3E9D507324BF476C00C592F6 /* Catergory.swift in Sources */,
				3E9D506124BF471300C592F6 /* SceneDelegate.swift in Sources */,
			);
			runOnlyForDeploymentPostprocessing = 0;
		};
/* End PBXSourcesBuildPhase section */

/* Begin PBXVariantGroup section */
		3E9D506424BF471300C592F6 /* Main.storyboard */ = {
			isa = PBXVariantGroup;
			children = (
				3E9D506524BF471300C592F6 /* Base */,
			);
			name = Main.storyboard;
			sourceTree = "<group>";
		};
		3E9D506924BF471700C592F6 /* LaunchScreen.storyboard */ = {
			isa = PBXVariantGroup;
			children = (
				3E9D506A24BF471700C592F6 /* Base */,
			);
			name = LaunchScreen.storyboard;
			sourceTree = "<group>";
		};
/* End PBXVariantGroup section */

/* Begin XCBuildConfiguration section */
		3E9D506D24BF471700C592F6 /* Debug */ = {
			isa = XCBuildConfiguration;
			buildSettings = {
				ALWAYS_SEARCH_USER_PATHS = NO;
				CLANG_ANALYZER_NONNULL = YES;
				CLANG_ANALYZER_NUMBER_OBJECT_CONVERSION = YES_AGGRESSIVE;
				CLANG_CXX_LANGUAGE_STANDARD = "gnu++14";
				CLANG_CXX_LIBRARY = "libc++";
				CLANG_ENABLE_MODULES = YES;
				CLANG_ENABLE_OBJC_ARC = YES;
				CLANG_ENABLE_OBJC_WEAK = YES;
				CLANG_WARN_BLOCK_CAPTURE_AUTORELEASING = YES;
				CLANG_WARN_BOOL_CONVERSION = YES;
				CLANG_WARN_COMMA = YES;
				CLANG_WARN_CONSTANT_CONVERSION = YES;
				CLANG_WARN_DEPRECATED_OBJC_IMPLEMENTATIONS = YES;
				CLANG_WARN_DIRECT_OBJC_ISA_USAGE = YES_ERROR;
				CLANG_WARN_DOCUMENTATION_COMMENTS = YES;
				CLANG_WARN_EMPTY_BODY = YES;
				CLANG_WARN_ENUM_CONVERSION = YES;
				CLANG_WARN_INFINITE_RECURSION = YES;
				CLANG_WARN_INT_CONVERSION = YES;
				CLANG_WARN_NON_LITERAL_NULL_CONVERSION = YES;
				CLANG_WARN_OBJC_IMPLICIT_RETAIN_SELF = YES;
				CLANG_WARN_OBJC_LITERAL_CONVERSION = YES;
				CLANG_WARN_OBJC_ROOT_CLASS = YES_ERROR;
				CLANG_WARN_RANGE_LOOP_ANALYSIS = YES;
				CLANG_WARN_STRICT_PROTOTYPES = YES;
				CLANG_WARN_SUSPICIOUS_MOVE = YES;
				CLANG_WARN_UNGUARDED_AVAILABILITY = YES_AGGRESSIVE;
				CLANG_WARN_UNREACHABLE_CODE = YES;
				CLANG_WARN__DUPLICATE_METHOD_MATCH = YES;
				COPY_PHASE_STRIP = NO;
				DEBUG_INFORMATION_FORMAT = dwarf;
				ENABLE_STRICT_OBJC_MSGSEND = YES;
				ENABLE_TESTABILITY = YES;
				GCC_C_LANGUAGE_STANDARD = gnu11;
				GCC_DYNAMIC_NO_PIC = NO;
				GCC_NO_COMMON_BLOCKS = YES;
				GCC_OPTIMIZATION_LEVEL = 0;
				GCC_PREPROCESSOR_DEFINITIONS = (
					"DEBUG=1",
					"$(inherited)",
				);
				GCC_WARN_64_TO_32_BIT_CONVERSION = YES;
				GCC_WARN_ABOUT_RETURN_TYPE = YES_ERROR;
				GCC_WARN_UNDECLARED_SELECTOR = YES;
				GCC_WARN_UNINITIALIZED_AUTOS = YES_AGGRESSIVE;
				GCC_WARN_UNUSED_FUNCTION = YES;
				GCC_WARN_UNUSED_VARIABLE = YES;
				IPHONEOS_DEPLOYMENT_TARGET = 13.2;
				MTL_ENABLE_DEBUG_INFO = INCLUDE_SOURCE;
				MTL_FAST_MATH = YES;
				ONLY_ACTIVE_ARCH = YES;
				SDKROOT = iphoneos;
				SWIFT_ACTIVE_COMPILATION_CONDITIONS = DEBUG;
				SWIFT_OPTIMIZATION_LEVEL = "-Onone";
			};
			name = Debug;
		};
		3E9D506E24BF471700C592F6 /* Release */ = {
			isa = XCBuildConfiguration;
			buildSettings = {
				ALWAYS_SEARCH_USER_PATHS = NO;
				CLANG_ANALYZER_NONNULL = YES;
				CLANG_ANALYZER_NUMBER_OBJECT_CONVERSION = YES_AGGRESSIVE;
				CLANG_CXX_LANGUAGE_STANDARD = "gnu++14";
				CLANG_CXX_LIBRARY = "libc++";
				CLANG_ENABLE_MODULES = YES;
				CLANG_ENABLE_OBJC_ARC = YES;
				CLANG_ENABLE_OBJC_WEAK = YES;
				CLANG_WARN_BLOCK_CAPTURE_AUTORELEASING = YES;
				CLANG_WARN_BOOL_CONVERSION = YES;
				CLANG_WARN_COMMA = YES;
				CLANG_WARN_CONSTANT_CONVERSION = YES;
				CLANG_WARN_DEPRECATED_OBJC_IMPLEMENTATIONS = YES;
				CLANG_WARN_DIRECT_OBJC_ISA_USAGE = YES_ERROR;
				CLANG_WARN_DOCUMENTATION_COMMENTS = YES;
				CLANG_WARN_EMPTY_BODY = YES;
				CLANG_WARN_ENUM_CONVERSION = YES;
				CLANG_WARN_INFINITE_RECURSION = YES;
				CLANG_WARN_INT_CONVERSION = YES;
				CLANG_WARN_NON_LITERAL_NULL_CONVERSION = YES;
				CLANG_WARN_OBJC_IMPLICIT_RETAIN_SELF = YES;
				CLANG_WARN_OBJC_LITERAL_CONVERSION = YES;
				CLANG_WARN_OBJC_ROOT_CLASS = YES_ERROR;
				CLANG_WARN_RANGE_LOOP_ANALYSIS = YES;
				CLANG_WARN_STRICT_PROTOTYPES = YES;
				CLANG_WARN_SUSPICIOUS_MOVE = YES;
				CLANG_WARN_UNGUARDED_AVAILABILITY = YES_AGGRESSIVE;
				CLANG_WARN_UNREACHABLE_CODE = YES;
				CLANG_WARN__DUPLICATE_METHOD_MATCH = YES;
				COPY_PHASE_STRIP = NO;
				DEBUG_INFORMATION_FORMAT = "dwarf-with-dsym";
				ENABLE_NS_ASSERTIONS = NO;
				ENABLE_STRICT_OBJC_MSGSEND = YES;
				GCC_C_LANGUAGE_STANDARD = gnu11;
				GCC_NO_COMMON_BLOCKS = YES;
				GCC_WARN_64_TO_32_BIT_CONVERSION = YES;
				GCC_WARN_ABOUT_RETURN_TYPE = YES_ERROR;
				GCC_WARN_UNDECLARED_SELECTOR = YES;
				GCC_WARN_UNINITIALIZED_AUTOS = YES_AGGRESSIVE;
				GCC_WARN_UNUSED_FUNCTION = YES;
				GCC_WARN_UNUSED_VARIABLE = YES;
				IPHONEOS_DEPLOYMENT_TARGET = 13.2;
				MTL_ENABLE_DEBUG_INFO = NO;
				MTL_FAST_MATH = YES;
				SDKROOT = iphoneos;
				SWIFT_COMPILATION_MODE = wholemodule;
				SWIFT_OPTIMIZATION_LEVEL = "-O";
				VALIDATE_PRODUCT = YES;
			};
			name = Release;
		};
		3E9D507024BF471700C592F6 /* Debug */ = {
			isa = XCBuildConfiguration;
			buildSettings = {
				ASSETCATALOG_COMPILER_APPICON_NAME = AppIcon;
				CODE_SIGN_STYLE = Automatic;
				DEVELOPMENT_TEAM = 26RHXP32FH;
				INFOPLIST_FILE = ShoppingList/Info.plist;
				LD_RUNPATH_SEARCH_PATHS = (
					"$(inherited)",
					"@executable_path/Frameworks",
				);
				PRODUCT_BUNDLE_IDENTIFIER = org.tiffanyobi.ShoppingList;
				PRODUCT_NAME = "$(TARGET_NAME)";
				SWIFT_VERSION = 5.0;
				TARGETED_DEVICE_FAMILY = "1,2";
			};
			name = Debug;
		};
		3E9D507124BF471700C592F6 /* Release */ = {
			isa = XCBuildConfiguration;
			buildSettings = {
				ASSETCATALOG_COMPILER_APPICON_NAME = AppIcon;
				CODE_SIGN_STYLE = Automatic;
				DEVELOPMENT_TEAM = 26RHXP32FH;
				INFOPLIST_FILE = ShoppingList/Info.plist;
				LD_RUNPATH_SEARCH_PATHS = (
					"$(inherited)",
					"@executable_path/Frameworks",
				);
				PRODUCT_BUNDLE_IDENTIFIER = org.tiffanyobi.ShoppingList;
				PRODUCT_NAME = "$(TARGET_NAME)";
				SWIFT_VERSION = 5.0;
				TARGETED_DEVICE_FAMILY = "1,2";
			};
			name = Release;
		};
/* End XCBuildConfiguration section */

/* Begin XCConfigurationList section */
		3E9D505624BF471300C592F6 /* Build configuration list for PBXProject "ShoppingList" */ = {
			isa = XCConfigurationList;
			buildConfigurations = (
				3E9D506D24BF471700C592F6 /* Debug */,
				3E9D506E24BF471700C592F6 /* Release */,
			);
			defaultConfigurationIsVisible = 0;
			defaultConfigurationName = Release;
		};
		3E9D506F24BF471700C592F6 /* Build configuration list for PBXNativeTarget "ShoppingList" */ = {
			isa = XCConfigurationList;
			buildConfigurations = (
				3E9D507024BF471700C592F6 /* Debug */,
				3E9D507124BF471700C592F6 /* Release */,
			);
			defaultConfigurationIsVisible = 0;
			defaultConfigurationName = Release;
		};
/* End XCConfigurationList section */
	};
	rootObject = 3E9D505324BF471300C592F6 /* Project object */;
}
